// !$*UTF8*$!
{
	archiveVersion = 1;
	classes = {
	};
	objectVersion = 56;
	objects = {

/* Begin PBXCopyFilesBuildPhase section */
		87CA9A372A5D65DA00A1E8B2 /* CopyFiles */ = {
			isa = PBXCopyFilesBuildPhase;
			buildActionMask = 2147483647;
			dstPath = /usr/share/man/man1/;
			dstSubfolderSpec = 0;
			files = (
			);
			runOnlyForDeploymentPostprocessing = 1;
		};
/* End PBXCopyFilesBuildPhase section */

/* Begin PBXFileReference section */
		877034FE2A70292B0050D29D /* median.swift */ = {isa = PBXFileReference; lastKnownFileType = sourcecode.swift; path = median.swift; sourceTree = "<group>"; };
		87BAA5082A68666700288BF3 /* controlCode.swift */ = {isa = PBXFileReference; lastKnownFileType = sourcecode.swift; path = controlCode.swift; sourceTree = "<group>"; };
		87CA9A392A5D65DA00A1E8B2 /* Programmers */ = {isa = PBXFileReference; explicitFileType = "compiled.mach-o.executable"; includeInIndex = 0; path = Programmers; sourceTree = BUILT_PRODUCTS_DIR; };
		87CA9A3C2A5D65DA00A1E8B2 /* printingStars.swift */ = {isa = PBXFileReference; lastKnownFileType = sourcecode.swift; path = printingStars.swift; sourceTree = "<group>"; };
		87CA9A572A5D69A100A1E8B2 /* numbersN.swift */ = {isa = PBXFileReference; lastKnownFileType = sourcecode.swift; path = numbersN.swift; sourceTree = "<group>"; };
		87CA9A592A5D6A8F00A1E8B2 /* hashardNumber.swift */ = {isa = PBXFileReference; lastKnownFileType = sourcecode.swift; path = hashardNumber.swift; sourceTree = "<group>"; };
		87CA9A5B2A5D907200A1E8B2 /* averageOfArray.swift */ = {isa = PBXFileReference; lastKnownFileType = sourcecode.swift; path = averageOfArray.swift; sourceTree = "<group>"; };
		87CA9A5D2A5D90D900A1E8B2 /* remainder.swift */ = {isa = PBXFileReference; lastKnownFileType = sourcecode.swift; path = remainder.swift; sourceTree = "<group>"; };
		87CA9A5F2A5D933600A1E8B2 /* sumDigit.swift */ = {isa = PBXFileReference; lastKnownFileType = sourcecode.swift; path = sumDigit.swift; sourceTree = "<group>"; };
		87CA9A612A5D938200A1E8B2 /* oddEven.swift */ = {isa = PBXFileReference; lastKnownFileType = sourcecode.swift; path = oddEven.swift; sourceTree = "<group>"; };
		87CA9A632A5D93E500A1E8B2 /* printAge.swift */ = {isa = PBXFileReference; lastKnownFileType = sourcecode.swift; path = printAge.swift; sourceTree = "<group>"; };
		87CA9A652A5D93EF00A1E8B2 /* minusTwoNums.swift */ = {isa = PBXFileReference; lastKnownFileType = sourcecode.swift; path = minusTwoNums.swift; sourceTree = "<group>"; };
		87CA9A672A5D93FB00A1E8B2 /* twiceArray.swift */ = {isa = PBXFileReference; lastKnownFileType = sourcecode.swift; path = twiceArray.swift; sourceTree = "<group>"; };
		87CA9A692A5D940700A1E8B2 /* compareNumbers.swift */ = {isa = PBXFileReference; lastKnownFileType = sourcecode.swift; path = compareNumbers.swift; sourceTree = "<group>"; };
		87CA9A6B2A5D941100A1E8B2 /* protractor.swift */ = {isa = PBXFileReference; lastKnownFileType = sourcecode.swift; path = protractor.swift; sourceTree = "<group>"; };
		87CA9A6D2A5D941C00A1E8B2 /* sumEven.swift */ = {isa = PBXFileReference; lastKnownFileType = sourcecode.swift; path = sumEven.swift; sourceTree = "<group>"; };
		87CA9A702A5D95C500A1E8B2 /* multipleOfn.swift */ = {isa = PBXFileReference; lastKnownFileType = sourcecode.swift; path = multipleOfn.swift; sourceTree = "<group>"; };
		87CA9A722A5D95D400A1E8B2 /* commonMultiple.swift */ = {isa = PBXFileReference; lastKnownFileType = sourcecode.swift; path = commonMultiple.swift; sourceTree = "<group>"; };
		87CA9A7C2A5D990400A1E8B2 /* oddEvenDifferentOperation.swift */ = {isa = PBXFileReference; lastKnownFileType = sourcecode.swift; path = oddEvenDifferentOperation.swift; sourceTree = "<group>"; };
		87CA9A7E2A5D9FD900A1E8B2 /* connectedOddEven.swift */ = {isa = PBXFileReference; lastKnownFileType = sourcecode.swift; path = connectedOddEven.swift; sourceTree = "<group>"; };
		87CAA64F2A72C86C007EF017 /* changeUppercase.swift */ = {isa = PBXFileReference; lastKnownFileType = sourcecode.swift; path = changeUppercase.swift; sourceTree = "<group>"; };
		87E574682A61D0AC00892959 /* conditionString.swift */ = {isa = PBXFileReference; lastKnownFileType = sourcecode.swift; path = conditionString.swift; sourceTree = "<group>"; };
/* End PBXFileReference section */

/* Begin PBXFrameworksBuildPhase section */
		87CA9A362A5D65DA00A1E8B2 /* Frameworks */ = {
			isa = PBXFrameworksBuildPhase;
			buildActionMask = 2147483647;
			files = (
			);
			runOnlyForDeploymentPostprocessing = 0;
		};
/* End PBXFrameworksBuildPhase section */

/* Begin PBXGroup section */
		87CA9A302A5D65D900A1E8B2 = {
			isa = PBXGroup;
			children = (
				87CA9A3B2A5D65DA00A1E8B2 /* Programmers */,
				87CA9A3A2A5D65DA00A1E8B2 /* Products */,
			);
			sourceTree = "<group>";
		};
		87CA9A3A2A5D65DA00A1E8B2 /* Products */ = {
			isa = PBXGroup;
			children = (
				87CA9A392A5D65DA00A1E8B2 /* Programmers */,
			);
			name = Products;
			sourceTree = "<group>";
		};
		87CA9A3B2A5D65DA00A1E8B2 /* Programmers */ = {
			isa = PBXGroup;
			children = (
				87CA9A562A5D696800A1E8B2 /* PS basic */,
			);
			path = Programmers;
			sourceTree = "<group>";
		};
		87CA9A562A5D696800A1E8B2 /* PS basic */ = {
			isa = PBXGroup;
			children = (
				87CA9A3C2A5D65DA00A1E8B2 /* printingStars.swift */,
				87CA9A572A5D69A100A1E8B2 /* numbersN.swift */,
				87CA9A592A5D6A8F00A1E8B2 /* hashardNumber.swift */,
				87CA9A5B2A5D907200A1E8B2 /* averageOfArray.swift */,
				87CA9A5D2A5D90D900A1E8B2 /* remainder.swift */,
				87CA9A5F2A5D933600A1E8B2 /* sumDigit.swift */,
				87CA9A612A5D938200A1E8B2 /* oddEven.swift */,
				87CA9A632A5D93E500A1E8B2 /* printAge.swift */,
				87CA9A652A5D93EF00A1E8B2 /* minusTwoNums.swift */,
				87CA9A672A5D93FB00A1E8B2 /* twiceArray.swift */,
				87CA9A692A5D940700A1E8B2 /* compareNumbers.swift */,
				87CA9A6B2A5D941100A1E8B2 /* protractor.swift */,
				87CA9A6D2A5D941C00A1E8B2 /* sumEven.swift */,
				87CA9A702A5D95C500A1E8B2 /* multipleOfn.swift */,
				87CA9A722A5D95D400A1E8B2 /* commonMultiple.swift */,
				87CA9A7C2A5D990400A1E8B2 /* oddEvenDifferentOperation.swift */,
				87CA9A7E2A5D9FD900A1E8B2 /* connectedOddEven.swift */,
				87E574682A61D0AC00892959 /* conditionString.swift */,
				87BAA5082A68666700288BF3 /* controlCode.swift */,
				877034FE2A70292B0050D29D /* median.swift */,
				87CAA64F2A72C86C007EF017 /* changeUppercase.swift */,
			);
			path = "PS basic";
			sourceTree = "<group>";
		};
/* End PBXGroup section */

/* Begin PBXNativeTarget section */
		87CA9A382A5D65DA00A1E8B2 /* Programmers */ = {
			isa = PBXNativeTarget;
			buildConfigurationList = 87CA9A402A5D65DA00A1E8B2 /* Build configuration list for PBXNativeTarget "Programmers" */;
			buildPhases = (
				87CA9A352A5D65DA00A1E8B2 /* Sources */,
				87CA9A362A5D65DA00A1E8B2 /* Frameworks */,
				87CA9A372A5D65DA00A1E8B2 /* CopyFiles */,
			);
			buildRules = (
			);
			dependencies = (
			);
			name = Programmers;
			productName = Programmers;
			productReference = 87CA9A392A5D65DA00A1E8B2 /* Programmers */;
			productType = "com.apple.product-type.tool";
		};
/* End PBXNativeTarget section */

/* Begin PBXProject section */
		87CA9A312A5D65D900A1E8B2 /* Project object */ = {
			isa = PBXProject;
			attributes = {
				BuildIndependentTargetsInParallel = 1;
				LastSwiftUpdateCheck = 1430;
				LastUpgradeCheck = 1430;
				TargetAttributes = {
					87CA9A382A5D65DA00A1E8B2 = {
						CreatedOnToolsVersion = 14.3.1;
						LastSwiftMigration = 1430;
					};
				};
			};
			buildConfigurationList = 87CA9A342A5D65D900A1E8B2 /* Build configuration list for PBXProject "Programmers" */;
			compatibilityVersion = "Xcode 14.0";
			developmentRegion = en;
			hasScannedForEncodings = 0;
			knownRegions = (
				en,
				Base,
			);
			mainGroup = 87CA9A302A5D65D900A1E8B2;
			productRefGroup = 87CA9A3A2A5D65DA00A1E8B2 /* Products */;
			projectDirPath = "";
			projectRoot = "";
			targets = (
				87CA9A382A5D65DA00A1E8B2 /* Programmers */,
			);
		};
/* End PBXProject section */

/* Begin PBXSourcesBuildPhase section */
		87CA9A352A5D65DA00A1E8B2 /* Sources */ = {
			isa = PBXSourcesBuildPhase;
			buildActionMask = 2147483647;
			files = (
			);
			runOnlyForDeploymentPostprocessing = 0;
		};
/* End PBXSourcesBuildPhase section */

/* Begin XCBuildConfiguration section */
		87CA9A3E2A5D65DA00A1E8B2 /* Debug */ = {
			isa = XCBuildConfiguration;
			buildSettings = {
				ALWAYS_SEARCH_USER_PATHS = NO;
				CLANG_ANALYZER_NONNULL = YES;
				CLANG_ANALYZER_NUMBER_OBJECT_CONVERSION = YES_AGGRESSIVE;
				CLANG_CXX_LANGUAGE_STANDARD = "gnu++20";
				CLANG_ENABLE_MODULES = YES;
				CLANG_ENABLE_OBJC_ARC = YES;
				CLANG_ENABLE_OBJC_WEAK = YES;
				CLANG_WARN_BLOCK_CAPTURE_AUTORELEASING = YES;
				CLANG_WARN_BOOL_CONVERSION = YES;
				CLANG_WARN_COMMA = YES;
				CLANG_WARN_CONSTANT_CONVERSION = YES;
				CLANG_WARN_DEPRECATED_OBJC_IMPLEMENTATIONS = YES;
				CLANG_WARN_DIRECT_OBJC_ISA_USAGE = YES_ERROR;
				CLANG_WARN_DOCUMENTATION_COMMENTS = YES;
				CLANG_WARN_EMPTY_BODY = YES;
				CLANG_WARN_ENUM_CONVERSION = YES;
				CLANG_WARN_INFINITE_RECURSION = YES;
				CLANG_WARN_INT_CONVERSION = YES;
				CLANG_WARN_NON_LITERAL_NULL_CONVERSION = YES;
				CLANG_WARN_OBJC_IMPLICIT_RETAIN_SELF = YES;
				CLANG_WARN_OBJC_LITERAL_CONVERSION = YES;
				CLANG_WARN_OBJC_ROOT_CLASS = YES_ERROR;
				CLANG_WARN_QUOTED_INCLUDE_IN_FRAMEWORK_HEADER = YES;
				CLANG_WARN_RANGE_LOOP_ANALYSIS = YES;
				CLANG_WARN_STRICT_PROTOTYPES = YES;
				CLANG_WARN_SUSPICIOUS_MOVE = YES;
				CLANG_WARN_UNGUARDED_AVAILABILITY = YES_AGGRESSIVE;
				CLANG_WARN_UNREACHABLE_CODE = YES;
				CLANG_WARN__DUPLICATE_METHOD_MATCH = YES;
				COPY_PHASE_STRIP = NO;
				DEBUG_INFORMATION_FORMAT = dwarf;
				ENABLE_STRICT_OBJC_MSGSEND = YES;
				ENABLE_TESTABILITY = YES;
				GCC_C_LANGUAGE_STANDARD = gnu11;
				GCC_DYNAMIC_NO_PIC = NO;
				GCC_NO_COMMON_BLOCKS = YES;
				GCC_OPTIMIZATION_LEVEL = 0;
				GCC_PREPROCESSOR_DEFINITIONS = (
					"DEBUG=1",
					"$(inherited)",
				);
				GCC_WARN_64_TO_32_BIT_CONVERSION = YES;
				GCC_WARN_ABOUT_RETURN_TYPE = YES_ERROR;
				GCC_WARN_UNDECLARED_SELECTOR = YES;
				GCC_WARN_UNINITIALIZED_AUTOS = YES_AGGRESSIVE;
				GCC_WARN_UNUSED_FUNCTION = YES;
				GCC_WARN_UNUSED_VARIABLE = YES;
				MACOSX_DEPLOYMENT_TARGET = 13.3;
				MTL_ENABLE_DEBUG_INFO = INCLUDE_SOURCE;
				MTL_FAST_MATH = YES;
				ONLY_ACTIVE_ARCH = YES;
				SDKROOT = macosx;
				SWIFT_ACTIVE_COMPILATION_CONDITIONS = DEBUG;
				SWIFT_OPTIMIZATION_LEVEL = "-Onone";
			};
			name = Debug;
		};
		87CA9A3F2A5D65DA00A1E8B2 /* Release */ = {
			isa = XCBuildConfiguration;
			buildSettings = {
				ALWAYS_SEARCH_USER_PATHS = NO;
				CLANG_ANALYZER_NONNULL = YES;
				CLANG_ANALYZER_NUMBER_OBJECT_CONVERSION = YES_AGGRESSIVE;
				CLANG_CXX_LANGUAGE_STANDARD = "gnu++20";
				CLANG_ENABLE_MODULES = YES;
				CLANG_ENABLE_OBJC_ARC = YES;
				CLANG_ENABLE_OBJC_WEAK = YES;
				CLANG_WARN_BLOCK_CAPTURE_AUTORELEASING = YES;
				CLANG_WARN_BOOL_CONVERSION = YES;
				CLANG_WARN_COMMA = YES;
				CLANG_WARN_CONSTANT_CONVERSION = YES;
				CLANG_WARN_DEPRECATED_OBJC_IMPLEMENTATIONS = YES;
				CLANG_WARN_DIRECT_OBJC_ISA_USAGE = YES_ERROR;
				CLANG_WARN_DOCUMENTATION_COMMENTS = YES;
				CLANG_WARN_EMPTY_BODY = YES;
				CLANG_WARN_ENUM_CONVERSION = YES;
				CLANG_WARN_INFINITE_RECURSION = YES;
				CLANG_WARN_INT_CONVERSION = YES;
				CLANG_WARN_NON_LITERAL_NULL_CONVERSION = YES;
				CLANG_WARN_OBJC_IMPLICIT_RETAIN_SELF = YES;
				CLANG_WARN_OBJC_LITERAL_CONVERSION = YES;
				CLANG_WARN_OBJC_ROOT_CLASS = YES_ERROR;
				CLANG_WARN_QUOTED_INCLUDE_IN_FRAMEWORK_HEADER = YES;
				CLANG_WARN_RANGE_LOOP_ANALYSIS = YES;
				CLANG_WARN_STRICT_PROTOTYPES = YES;
				CLANG_WARN_SUSPICIOUS_MOVE = YES;
				CLANG_WARN_UNGUARDED_AVAILABILITY = YES_AGGRESSIVE;
				CLANG_WARN_UNREACHABLE_CODE = YES;
				CLANG_WARN__DUPLICATE_METHOD_MATCH = YES;
				COPY_PHASE_STRIP = NO;
				DEBUG_INFORMATION_FORMAT = "dwarf-with-dsym";
				ENABLE_NS_ASSERTIONS = NO;
				ENABLE_STRICT_OBJC_MSGSEND = YES;
				GCC_C_LANGUAGE_STANDARD = gnu11;
				GCC_NO_COMMON_BLOCKS = YES;
				GCC_WARN_64_TO_32_BIT_CONVERSION = YES;
				GCC_WARN_ABOUT_RETURN_TYPE = YES_ERROR;
				GCC_WARN_UNDECLARED_SELECTOR = YES;
				GCC_WARN_UNINITIALIZED_AUTOS = YES_AGGRESSIVE;
				GCC_WARN_UNUSED_FUNCTION = YES;
				GCC_WARN_UNUSED_VARIABLE = YES;
				MACOSX_DEPLOYMENT_TARGET = 13.3;
				MTL_ENABLE_DEBUG_INFO = NO;
				MTL_FAST_MATH = YES;
				SDKROOT = macosx;
				SWIFT_COMPILATION_MODE = wholemodule;
				SWIFT_OPTIMIZATION_LEVEL = "-O";
			};
			name = Release;
		};
		87CA9A412A5D65DA00A1E8B2 /* Debug */ = {
			isa = XCBuildConfiguration;
			buildSettings = {
				CLANG_ENABLE_MODULES = YES;
				CODE_SIGN_STYLE = Automatic;
				DEVELOPMENT_TEAM = 2P5FNS3JAJ;
				ENABLE_HARDENED_RUNTIME = YES;
				PRODUCT_NAME = "$(TARGET_NAME)";
				SWIFT_OPTIMIZATION_LEVEL = "-Onone";
				SWIFT_VERSION = 5.0;
			};
			name = Debug;
		};
		87CA9A422A5D65DA00A1E8B2 /* Release */ = {
			isa = XCBuildConfiguration;
			buildSettings = {
				CLANG_ENABLE_MODULES = YES;
				CODE_SIGN_STYLE = Automatic;
				DEVELOPMENT_TEAM = 2P5FNS3JAJ;
				ENABLE_HARDENED_RUNTIME = YES;
				PRODUCT_NAME = "$(TARGET_NAME)";
				SWIFT_VERSION = 5.0;
			};
			name = Release;
		};
/* End XCBuildConfiguration section */

/* Begin XCConfigurationList section */
		87CA9A342A5D65D900A1E8B2 /* Build configuration list for PBXProject "Programmers" */ = {
			isa = XCConfigurationList;
			buildConfigurations = (
				87CA9A3E2A5D65DA00A1E8B2 /* Debug */,
				87CA9A3F2A5D65DA00A1E8B2 /* Release */,
			);
			defaultConfigurationIsVisible = 0;
			defaultConfigurationName = Release;
		};
		87CA9A402A5D65DA00A1E8B2 /* Build configuration list for PBXNativeTarget "Programmers" */ = {
			isa = XCConfigurationList;
			buildConfigurations = (
				87CA9A412A5D65DA00A1E8B2 /* Debug */,
				87CA9A422A5D65DA00A1E8B2 /* Release */,
			);
			defaultConfigurationIsVisible = 0;
			defaultConfigurationName = Release;
		};
/* End XCConfigurationList section */
	};
	rootObject = 87CA9A312A5D65D900A1E8B2 /* Project object */;
}
